
Microsoft Visual Studio Solution File, Format Version 12.00
# Visual Studio Version 17
VisualStudioVersion = 17.0.31903.59
MinimumVisualStudioVersion = 10.0.40219.1
Project("{FAE04EC0-301F-11D3-BF4B-00C04F79EFBC}") = "kata", "kata\kata.csproj", "{8A6BEC2E-D8B1-46F6-80EF-BB30553A57FE}"
EndProject
Global
	GlobalSection(SolutionConfigurationPlatforms) = preSolution
		Debug|Any CPU = Debug|Any CPU
		Release|Any CPU = Release|Any CPU
	EndGlobalSection
	GlobalSection(ProjectConfigurationPlatforms) = postSolution
		{8A6BEC2E-D8B1-46F6-80EF-BB30553A57FE}.Debug|Any CPU.ActiveCfg = Debug|Any CPU
		{8A6BEC2E-D8B1-46F6-80EF-BB30553A57FE}.Debug|Any CPU.Build.0 = Debug|Any CPU
		{8A6BEC2E-D8B1-46F6-80EF-BB30553A57FE}.Release|Any CPU.ActiveCfg = Release|Any CPU
		{8A6BEC2E-D8B1-46F6-80EF-BB30553A57FE}.Release|Any CPU.Build.0 = Release|Any CPU
	EndGlobalSection
	GlobalSection(SolutionProperties) = preSolution
		HideSolutionNode = FALSE
	EndGlobalSection
	GlobalSection(ExtensibilityGlobals) = postSolution
		SolutionGuid = {8803451D-BB16-4481-98D4-406388DBC69D}
	EndGlobalSection
EndGlobal
